
Microsoft Visual Studio Solution File, Format Version 12.00
# Visual Studio Version 17
VisualStudioVersion = 17.0.31912.275
MinimumVisualStudioVersion = 10.0.40219.1
Project("{9A19103F-16F7-4668-BE54-9A1E7A4F7556}") = "webapp", "webapp.csproj", "{BDDB6EB4-7766-43A0-AF8F-A996A70BBEB8}"
EndProject
Global
	GlobalSection(SolutionConfigurationPlatforms) = preSolution
		Debug|Any CPU = Debug|Any CPU
		Release|Any CPU = Release|Any CPU
	EndGlobalSection
	GlobalSection(ProjectConfigurationPlatforms) = postSolution
		{BDDB6EB4-7766-43A0-AF8F-A996A70BBEB8}.Debug|Any CPU.ActiveCfg = Debug|Any CPU
		{BDDB6EB4-7766-43A0-AF8F-A996A70BBEB8}.Debug|Any CPU.Build.0 = Debug|Any CPU
		{BDDB6EB4-7766-43A0-AF8F-A996A70BBEB8}.Release|Any CPU.ActiveCfg = Release|Any CPU
		{BDDB6EB4-7766-43A0-AF8F-A996A70BBEB8}.Release|Any CPU.Build.0 = Release|Any CPU
	EndGlobalSection
	GlobalSection(SolutionProperties) = preSolution
		HideSolutionNode = FALSE
	EndGlobalSection
	GlobalSection(ExtensibilityGlobals) = postSolution
		SolutionGuid = {B02699DC-B0DD-4627-87FA-57FE5C564DAA}
	EndGlobalSection
EndGlobal
